// !$*UTF8*$!
{
	archiveVersion = 1;
	classes = {
	};
	objectVersion = 46;
	objects = {

/* Begin PBXBuildFile section */
		0E05E4791CD0BF3C00317543 /* RLDefine.swift in Sources */ = {isa = PBXBuildFile; fileRef = 0E05E4781CD0BF3C00317543 /* RLDefine.swift */; };
		0E0FB6101CDB19C400A73C21 /* Topic+CoreDataProperties.swift in Sources */ = {isa = PBXBuildFile; fileRef = 0E0FB60A1CDB19C400A73C21 /* Topic+CoreDataProperties.swift */; };
		0E0FB6111CDB19C400A73C21 /* Topic.swift in Sources */ = {isa = PBXBuildFile; fileRef = 0E0FB60B1CDB19C400A73C21 /* Topic.swift */; };
		0E0FB6121CDB19C400A73C21 /* Member+CoreDataProperties.swift in Sources */ = {isa = PBXBuildFile; fileRef = 0E0FB60C1CDB19C400A73C21 /* Member+CoreDataProperties.swift */; };
		0E0FB6131CDB19C400A73C21 /* Member.swift in Sources */ = {isa = PBXBuildFile; fileRef = 0E0FB60D1CDB19C400A73C21 /* Member.swift */; };
		0E0FB6141CDB19C400A73C21 /* Node+CoreDataProperties.swift in Sources */ = {isa = PBXBuildFile; fileRef = 0E0FB60E1CDB19C400A73C21 /* Node+CoreDataProperties.swift */; };
		0E0FB6151CDB19C400A73C21 /* Node.swift in Sources */ = {isa = PBXBuildFile; fileRef = 0E0FB60F1CDB19C400A73C21 /* Node.swift */; };
		0E1C61501CD32CAF0049E41C /* RLTopicContent.swift in Sources */ = {isa = PBXBuildFile; fileRef = 0E1C614F1CD32CAF0049E41C /* RLTopicContent.swift */; };
		0E51697E1CD210810078B45E /* NSString+Extension.swift in Sources */ = {isa = PBXBuildFile; fileRef = 0E51697C1CD210810078B45E /* NSString+Extension.swift */; };
		0E51697F1CD210810078B45E /* UIView+Extension.swift in Sources */ = {isa = PBXBuildFile; fileRef = 0E51697D1CD210810078B45E /* UIView+Extension.swift */; };
		0E5169811CD21D750078B45E /* RLNetWorkManager.swift in Sources */ = {isa = PBXBuildFile; fileRef = 0E5169801CD21D750078B45E /* RLNetWorkManager.swift */; };
		0E51698B1CD21D930078B45E /* RLTopicReply.swift in Sources */ = {isa = PBXBuildFile; fileRef = 0E5169861CD21D930078B45E /* RLTopicReply.swift */; };
		0E51698C1CD21D930078B45E /* RLTopicsHelper.swift in Sources */ = {isa = PBXBuildFile; fileRef = 0E5169871CD21D930078B45E /* RLTopicsHelper.swift */; };
		0E57D0BD1CD84B47002C3DE6 /* V2EX.xcdatamodeld in Sources */ = {isa = PBXBuildFile; fileRef = 0E57D0BB1CD84B47002C3DE6 /* V2EX.xcdatamodeld */; };
		0E5C36F11CCF36620074C4C6 /* AppDelegate.swift in Sources */ = {isa = PBXBuildFile; fileRef = 0E5C36F01CCF36620074C4C6 /* AppDelegate.swift */; };
		0E5C36F61CCF36620074C4C6 /* Main.storyboard in Resources */ = {isa = PBXBuildFile; fileRef = 0E5C36F41CCF36620074C4C6 /* Main.storyboard */; };
		0E5C36FB1CCF36620074C4C6 /* Assets.xcassets in Resources */ = {isa = PBXBuildFile; fileRef = 0E5C36FA1CCF36620074C4C6 /* Assets.xcassets */; };
		0E5C36FE1CCF36620074C4C6 /* LaunchScreen.storyboard in Resources */ = {isa = PBXBuildFile; fileRef = 0E5C36FC1CCF36620074C4C6 /* LaunchScreen.storyboard */; };
		0E5C37091CCF36630074C4C6 /* V2EXTests.swift in Sources */ = {isa = PBXBuildFile; fileRef = 0E5C37081CCF36630074C4C6 /* V2EXTests.swift */; };
		0E5C37141CCF36630074C4C6 /* V2EXUITests.swift in Sources */ = {isa = PBXBuildFile; fileRef = 0E5C37131CCF36630074C4C6 /* V2EXUITests.swift */; };
		0E5C37251CCF460A0074C4C6 /* RLTopicCell.swift in Sources */ = {isa = PBXBuildFile; fileRef = 0E5C37221CCF460A0074C4C6 /* RLTopicCell.swift */; };
		0E5C37261CCF460A0074C4C6 /* RLTopicCell.xib in Resources */ = {isa = PBXBuildFile; fileRef = 0E5C37241CCF460A0074C4C6 /* RLTopicCell.xib */; };
		0E5C372A1CCF4C770074C4C6 /* RLTopicList.swift in Sources */ = {isa = PBXBuildFile; fileRef = 0E5C37291CCF4C770074C4C6 /* RLTopicList.swift */; };
		0E5C372C1CCF4E730074C4C6 /* RLTopicList+TableView.swift in Sources */ = {isa = PBXBuildFile; fileRef = 0E5C372B1CCF4E730074C4C6 /* RLTopicList+TableView.swift */; };
		0E9CC65F1CD993D5008436C1 /* RLDataManager.swift in Sources */ = {isa = PBXBuildFile; fileRef = 0E9CC65E1CD993D5008436C1 /* RLDataManager.swift */; };
		0EAB4B081CE06CCD00AF202A /* RLBubblesView.swift in Sources */ = {isa = PBXBuildFile; fileRef = 0EAB4B061CE06CCD00AF202A /* RLBubblesView.swift */; };
		0EAB4B091CE06CCD00AF202A /* RLNodeBtn.swift in Sources */ = {isa = PBXBuildFile; fileRef = 0EAB4B071CE06CCD00AF202A /* RLNodeBtn.swift */; };
		0EAB4B0B1CE06D7600AF202A /* RLNodeBubbles.swift in Sources */ = {isa = PBXBuildFile; fileRef = 0EAB4B0A1CE06D7600AF202A /* RLNodeBubbles.swift */; };
		8E8320BD94E2B6FD787D487C /* Pods.framework in Frameworks */ = {isa = PBXBuildFile; fileRef = 7B065768070992B14A754F20 /* Pods.framework */; };
		F80EEDD61CDF126500EFC4B8 /* RLTopicsHelper+Router.swift in Sources */ = {isa = PBXBuildFile; fileRef = F80EEDD51CDF126500EFC4B8 /* RLTopicsHelper+Router.swift */; };
/* End PBXBuildFile section */

/* Begin PBXContainerItemProxy section */
		0E5C37051CCF36620074C4C6 /* PBXContainerItemProxy */ = {
			isa = PBXContainerItemProxy;
			containerPortal = 0E5C36E51CCF36620074C4C6 /* Project object */;
			proxyType = 1;
			remoteGlobalIDString = 0E5C36EC1CCF36620074C4C6;
			remoteInfo = V2EX;
		};
		0E5C37101CCF36630074C4C6 /* PBXContainerItemProxy */ = {
			isa = PBXContainerItemProxy;
			containerPortal = 0E5C36E51CCF36620074C4C6 /* Project object */;
			proxyType = 1;
			remoteGlobalIDString = 0E5C36EC1CCF36620074C4C6;
			remoteInfo = V2EX;
		};
/* End PBXContainerItemProxy section */

/* Begin PBXFileReference section */
		0E05E4771CD0BF0600317543 /* V2EX-Bridging-Header.h */ = {isa = PBXFileReference; fileEncoding = 4; lastKnownFileType = sourcecode.c.h; path = "V2EX-Bridging-Header.h"; sourceTree = "<group>"; };
		0E05E4781CD0BF3C00317543 /* RLDefine.swift */ = {isa = PBXFileReference; fileEncoding = 4; lastKnownFileType = sourcecode.swift; path = RLDefine.swift; sourceTree = "<group>"; };
		0E0FB60A1CDB19C400A73C21 /* Topic+CoreDataProperties.swift */ = {isa = PBXFileReference; fileEncoding = 4; lastKnownFileType = sourcecode.swift; path = "Topic+CoreDataProperties.swift"; sourceTree = "<group>"; };
		0E0FB60B1CDB19C400A73C21 /* Topic.swift */ = {isa = PBXFileReference; fileEncoding = 4; lastKnownFileType = sourcecode.swift; path = Topic.swift; sourceTree = "<group>"; };
		0E0FB60C1CDB19C400A73C21 /* Member+CoreDataProperties.swift */ = {isa = PBXFileReference; fileEncoding = 4; lastKnownFileType = sourcecode.swift; path = "Member+CoreDataProperties.swift"; sourceTree = "<group>"; };
		0E0FB60D1CDB19C400A73C21 /* Member.swift */ = {isa = PBXFileReference; fileEncoding = 4; lastKnownFileType = sourcecode.swift; path = Member.swift; sourceTree = "<group>"; };
		0E0FB60E1CDB19C400A73C21 /* Node+CoreDataProperties.swift */ = {isa = PBXFileReference; fileEncoding = 4; lastKnownFileType = sourcecode.swift; path = "Node+CoreDataProperties.swift"; sourceTree = "<group>"; };
		0E0FB60F1CDB19C400A73C21 /* Node.swift */ = {isa = PBXFileReference; fileEncoding = 4; lastKnownFileType = sourcecode.swift; path = Node.swift; sourceTree = "<group>"; };
		0E1C614F1CD32CAF0049E41C /* RLTopicContent.swift */ = {isa = PBXFileReference; fileEncoding = 4; lastKnownFileType = sourcecode.swift; path = RLTopicContent.swift; sourceTree = "<group>"; };
		0E51697C1CD210810078B45E /* NSString+Extension.swift */ = {isa = PBXFileReference; fileEncoding = 4; lastKnownFileType = sourcecode.swift; path = "NSString+Extension.swift"; sourceTree = "<group>"; };
		0E51697D1CD210810078B45E /* UIView+Extension.swift */ = {isa = PBXFileReference; fileEncoding = 4; lastKnownFileType = sourcecode.swift; path = "UIView+Extension.swift"; sourceTree = "<group>"; };
		0E5169801CD21D750078B45E /* RLNetWorkManager.swift */ = {isa = PBXFileReference; fileEncoding = 4; lastKnownFileType = sourcecode.swift; path = RLNetWorkManager.swift; sourceTree = "<group>"; };
		0E5169861CD21D930078B45E /* RLTopicReply.swift */ = {isa = PBXFileReference; fileEncoding = 4; lastKnownFileType = sourcecode.swift; path = RLTopicReply.swift; sourceTree = "<group>"; };
		0E5169871CD21D930078B45E /* RLTopicsHelper.swift */ = {isa = PBXFileReference; fileEncoding = 4; lastKnownFileType = sourcecode.swift; path = RLTopicsHelper.swift; sourceTree = "<group>"; };
		0E57D0BC1CD84B47002C3DE6 /* V2EX.xcdatamodel */ = {isa = PBXFileReference; lastKnownFileType = wrapper.xcdatamodel; path = V2EX.xcdatamodel; sourceTree = "<group>"; };
		0E57D0C81CD84C4A002C3DE6 /* V2EX 2.xcdatamodel */ = {isa = PBXFileReference; lastKnownFileType = wrapper.xcdatamodel; path = "V2EX 2.xcdatamodel"; sourceTree = "<group>"; };
		0E5C36ED1CCF36620074C4C6 /* V2EX.app */ = {isa = PBXFileReference; explicitFileType = wrapper.application; includeInIndex = 0; path = V2EX.app; sourceTree = BUILT_PRODUCTS_DIR; };
		0E5C36F01CCF36620074C4C6 /* AppDelegate.swift */ = {isa = PBXFileReference; lastKnownFileType = sourcecode.swift; path = AppDelegate.swift; sourceTree = "<group>"; };
		0E5C36F51CCF36620074C4C6 /* Base */ = {isa = PBXFileReference; lastKnownFileType = file.storyboard; name = Base; path = Base.lproj/Main.storyboard; sourceTree = "<group>"; };
		0E5C36FA1CCF36620074C4C6 /* Assets.xcassets */ = {isa = PBXFileReference; lastKnownFileType = folder.assetcatalog; path = Assets.xcassets; sourceTree = "<group>"; };
		0E5C36FD1CCF36620074C4C6 /* Base */ = {isa = PBXFileReference; lastKnownFileType = file.storyboard; name = Base; path = Base.lproj/LaunchScreen.storyboard; sourceTree = "<group>"; };
		0E5C36FF1CCF36620074C4C6 /* Info.plist */ = {isa = PBXFileReference; lastKnownFileType = text.plist.xml; path = Info.plist; sourceTree = "<group>"; };
		0E5C37041CCF36620074C4C6 /* V2EXTests.xctest */ = {isa = PBXFileReference; explicitFileType = wrapper.cfbundle; includeInIndex = 0; path = V2EXTests.xctest; sourceTree = BUILT_PRODUCTS_DIR; };
		0E5C37081CCF36630074C4C6 /* V2EXTests.swift */ = {isa = PBXFileReference; lastKnownFileType = sourcecode.swift; path = V2EXTests.swift; sourceTree = "<group>"; };
		0E5C370A1CCF36630074C4C6 /* Info.plist */ = {isa = PBXFileReference; lastKnownFileType = text.plist.xml; path = Info.plist; sourceTree = "<group>"; };
		0E5C370F1CCF36630074C4C6 /* V2EXUITests.xctest */ = {isa = PBXFileReference; explicitFileType = wrapper.cfbundle; includeInIndex = 0; path = V2EXUITests.xctest; sourceTree = BUILT_PRODUCTS_DIR; };
		0E5C37131CCF36630074C4C6 /* V2EXUITests.swift */ = {isa = PBXFileReference; lastKnownFileType = sourcecode.swift; path = V2EXUITests.swift; sourceTree = "<group>"; };
		0E5C37151CCF36630074C4C6 /* Info.plist */ = {isa = PBXFileReference; lastKnownFileType = text.plist.xml; path = Info.plist; sourceTree = "<group>"; };
		0E5C37221CCF460A0074C4C6 /* RLTopicCell.swift */ = {isa = PBXFileReference; fileEncoding = 4; lastKnownFileType = sourcecode.swift; path = RLTopicCell.swift; sourceTree = "<group>"; };
		0E5C37241CCF460A0074C4C6 /* RLTopicCell.xib */ = {isa = PBXFileReference; fileEncoding = 4; lastKnownFileType = file.xib; path = RLTopicCell.xib; sourceTree = "<group>"; };
		0E5C37291CCF4C770074C4C6 /* RLTopicList.swift */ = {isa = PBXFileReference; fileEncoding = 4; lastKnownFileType = sourcecode.swift; path = RLTopicList.swift; sourceTree = "<group>"; };
		0E5C372B1CCF4E730074C4C6 /* RLTopicList+TableView.swift */ = {isa = PBXFileReference; fileEncoding = 4; lastKnownFileType = sourcecode.swift; path = "RLTopicList+TableView.swift"; sourceTree = "<group>"; };
		0E9CC65E1CD993D5008436C1 /* RLDataManager.swift */ = {isa = PBXFileReference; fileEncoding = 4; lastKnownFileType = sourcecode.swift; path = RLDataManager.swift; sourceTree = "<group>"; };
		0EAB4B061CE06CCD00AF202A /* RLBubblesView.swift */ = {isa = PBXFileReference; fileEncoding = 4; lastKnownFileType = sourcecode.swift; path = RLBubblesView.swift; sourceTree = "<group>"; };
		0EAB4B071CE06CCD00AF202A /* RLNodeBtn.swift */ = {isa = PBXFileReference; fileEncoding = 4; lastKnownFileType = sourcecode.swift; path = RLNodeBtn.swift; sourceTree = "<group>"; };
		0EAB4B0A1CE06D7600AF202A /* RLNodeBubbles.swift */ = {isa = PBXFileReference; fileEncoding = 4; lastKnownFileType = sourcecode.swift; path = RLNodeBubbles.swift; sourceTree = "<group>"; };
		13B806131562B0B0CC420728 /* Pods.release.xcconfig */ = {isa = PBXFileReference; includeInIndex = 1; lastKnownFileType = text.xcconfig; name = Pods.release.xcconfig; path = "Pods/Target Support Files/Pods/Pods.release.xcconfig"; sourceTree = "<group>"; };
		7B065768070992B14A754F20 /* Pods.framework */ = {isa = PBXFileReference; explicitFileType = wrapper.framework; includeInIndex = 0; path = Pods.framework; sourceTree = BUILT_PRODUCTS_DIR; };
		A405F14323F80C9EE606B0AE /* Pods.debug.xcconfig */ = {isa = PBXFileReference; includeInIndex = 1; lastKnownFileType = text.xcconfig; name = Pods.debug.xcconfig; path = "Pods/Target Support Files/Pods/Pods.debug.xcconfig"; sourceTree = "<group>"; };
		F80EEDD51CDF126500EFC4B8 /* RLTopicsHelper+Router.swift */ = {isa = PBXFileReference; fileEncoding = 4; lastKnownFileType = sourcecode.swift; path = "RLTopicsHelper+Router.swift"; sourceTree = "<group>"; };
/* End PBXFileReference section */

/* Begin PBXFrameworksBuildPhase section */
		0E5C36EA1CCF36620074C4C6 /* Frameworks */ = {
			isa = PBXFrameworksBuildPhase;
			buildActionMask = 2147483647;
			files = (
				8E8320BD94E2B6FD787D487C /* Pods.framework in Frameworks */,
			);
			runOnlyForDeploymentPostprocessing = 0;
		};
		0E5C37011CCF36620074C4C6 /* Frameworks */ = {
			isa = PBXFrameworksBuildPhase;
			buildActionMask = 2147483647;
			files = (
			);
			runOnlyForDeploymentPostprocessing = 0;
		};
		0E5C370C1CCF36630074C4C6 /* Frameworks */ = {
			isa = PBXFrameworksBuildPhase;
			buildActionMask = 2147483647;
			files = (
			);
			runOnlyForDeploymentPostprocessing = 0;
		};
/* End PBXFrameworksBuildPhase section */

/* Begin PBXGroup section */
		0E51697B1CD210810078B45E /* Extension */ = {
			isa = PBXGroup;
			children = (
				0E51697C1CD210810078B45E /* NSString+Extension.swift */,
				0E51697D1CD210810078B45E /* UIView+Extension.swift */,
			);
			path = Extension;
			sourceTree = "<group>";
		};
		0E5169821CD21D930078B45E /* Model */ = {
			isa = PBXGroup;
			children = (
				0E5169861CD21D930078B45E /* RLTopicReply.swift */,
				0E5169871CD21D930078B45E /* RLTopicsHelper.swift */,
				F80EEDD51CDF126500EFC4B8 /* RLTopicsHelper+Router.swift */,
			);
			path = Model;
			sourceTree = "<group>";
		};
		0E57D0B41CD84A15002C3DE6 /* V2EXData */ = {
			isa = PBXGroup;
			children = (
				0E57D0BB1CD84B47002C3DE6 /* V2EX.xcdatamodeld */,
				0E9CC65E1CD993D5008436C1 /* RLDataManager.swift */,
				0E0FB60A1CDB19C400A73C21 /* Topic+CoreDataProperties.swift */,
				0E0FB60B1CDB19C400A73C21 /* Topic.swift */,
				0E0FB60C1CDB19C400A73C21 /* Member+CoreDataProperties.swift */,
				0E0FB60D1CDB19C400A73C21 /* Member.swift */,
				0E0FB60E1CDB19C400A73C21 /* Node+CoreDataProperties.swift */,
				0E0FB60F1CDB19C400A73C21 /* Node.swift */,
			);
			path = V2EXData;
			sourceTree = "<group>";
		};
		0E5C36E41CCF36620074C4C6 = {
			isa = PBXGroup;
			children = (
				0E5C36EF1CCF36620074C4C6 /* V2EX */,
				0E57D0B41CD84A15002C3DE6 /* V2EXData */,
				0E5C37071CCF36630074C4C6 /* V2EXTests */,
				0E5C37121CCF36630074C4C6 /* V2EXUITests */,
				0E5C36EE1CCF36620074C4C6 /* Products */,
				CCE6B9A952A3B6A7A16DCCDA /* Pods */,
				3DB7252882014A6EF34C9211 /* Frameworks */,
			);
			sourceTree = "<group>";
		};
		0E5C36EE1CCF36620074C4C6 /* Products */ = {
			isa = PBXGroup;
			children = (
				0E5C36ED1CCF36620074C4C6 /* V2EX.app */,
				0E5C37041CCF36620074C4C6 /* V2EXTests.xctest */,
				0E5C370F1CCF36630074C4C6 /* V2EXUITests.xctest */,
			);
			name = Products;
			sourceTree = "<group>";
		};
		0E5C36EF1CCF36620074C4C6 /* V2EX */ = {
			isa = PBXGroup;
			children = (
				0E5169821CD21D930078B45E /* Model */,
				0E5169801CD21D750078B45E /* RLNetWorkManager.swift */,
				0E51697B1CD210810078B45E /* Extension */,
				0E05E4781CD0BF3C00317543 /* RLDefine.swift */,
				0E05E4771CD0BF0600317543 /* V2EX-Bridging-Header.h */,
				0E5C37211CCF460A0074C4C6 /* View */,
				0E5C36F01CCF36620074C4C6 /* AppDelegate.swift */,
				0E5C36F41CCF36620074C4C6 /* Main.storyboard */,
				0E5C36FA1CCF36620074C4C6 /* Assets.xcassets */,
				0E5C36FC1CCF36620074C4C6 /* LaunchScreen.storyboard */,
				0E5C36FF1CCF36620074C4C6 /* Info.plist */,
				0E5C37291CCF4C770074C4C6 /* RLTopicList.swift */,
				0E5C372B1CCF4E730074C4C6 /* RLTopicList+TableView.swift */,
				0E1C614F1CD32CAF0049E41C /* RLTopicContent.swift */,
				0EAB4B0A1CE06D7600AF202A /* RLNodeBubbles.swift */,
			);
			path = V2EX;
			sourceTree = "<group>";
		};
		0E5C37071CCF36630074C4C6 /* V2EXTests */ = {
			isa = PBXGroup;
			children = (
				0E5C37081CCF36630074C4C6 /* V2EXTests.swift */,
				0E5C370A1CCF36630074C4C6 /* Info.plist */,
			);
			path = V2EXTests;
			sourceTree = "<group>";
		};
		0E5C37121CCF36630074C4C6 /* V2EXUITests */ = {
			isa = PBXGroup;
			children = (
				0E5C37131CCF36630074C4C6 /* V2EXUITests.swift */,
				0E5C37151CCF36630074C4C6 /* Info.plist */,
			);
			path = V2EXUITests;
			sourceTree = "<group>";
		};
		0E5C37211CCF460A0074C4C6 /* View */ = {
			isa = PBXGroup;
			children = (
				0EAB4B061CE06CCD00AF202A /* RLBubblesView.swift */,
				0EAB4B071CE06CCD00AF202A /* RLNodeBtn.swift */,
				0E5C37221CCF460A0074C4C6 /* RLTopicCell.swift */,
				0E5C37231CCF460A0074C4C6 /* Xib */,
			);
			path = View;
			sourceTree = "<group>";
		};
		0E5C37231CCF460A0074C4C6 /* Xib */ = {
			isa = PBXGroup;
			children = (
				0E5C37241CCF460A0074C4C6 /* RLTopicCell.xib */,
			);
			path = Xib;
			sourceTree = "<group>";
		};
		3DB7252882014A6EF34C9211 /* Frameworks */ = {
			isa = PBXGroup;
			children = (
				7B065768070992B14A754F20 /* Pods.framework */,
			);
			name = Frameworks;
			sourceTree = "<group>";
		};
		CCE6B9A952A3B6A7A16DCCDA /* Pods */ = {
			isa = PBXGroup;
			children = (
				A405F14323F80C9EE606B0AE /* Pods.debug.xcconfig */,
				13B806131562B0B0CC420728 /* Pods.release.xcconfig */,
			);
			name = Pods;
			sourceTree = "<group>";
		};
/* End PBXGroup section */

/* Begin PBXNativeTarget section */
		0E5C36EC1CCF36620074C4C6 /* V2EX */ = {
			isa = PBXNativeTarget;
			buildConfigurationList = 0E5C37181CCF36630074C4C6 /* Build configuration list for PBXNativeTarget "V2EX" */;
			buildPhases = (
				87F9A92649767B98A8E68320 /* Check Pods Manifest.lock */,
				0E5C36E91CCF36620074C4C6 /* Sources */,
				0E5C36EA1CCF36620074C4C6 /* Frameworks */,
				0E5C36EB1CCF36620074C4C6 /* Resources */,
				83EF506825070E6823C98D8D /* Embed Pods Frameworks */,
				9E4AD2FF0C84EAD87AF003F2 /* Copy Pods Resources */,
			);
			buildRules = (
			);
			dependencies = (
			);
			name = V2EX;
			productName = V2EX;
			productReference = 0E5C36ED1CCF36620074C4C6 /* V2EX.app */;
			productType = "com.apple.product-type.application";
		};
		0E5C37031CCF36620074C4C6 /* V2EXTests */ = {
			isa = PBXNativeTarget;
			buildConfigurationList = 0E5C371B1CCF36630074C4C6 /* Build configuration list for PBXNativeTarget "V2EXTests" */;
			buildPhases = (
				0E5C37001CCF36620074C4C6 /* Sources */,
				0E5C37011CCF36620074C4C6 /* Frameworks */,
				0E5C37021CCF36620074C4C6 /* Resources */,
			);
			buildRules = (
			);
			dependencies = (
				0E5C37061CCF36620074C4C6 /* PBXTargetDependency */,
			);
			name = V2EXTests;
			productName = V2EXTests;
			productReference = 0E5C37041CCF36620074C4C6 /* V2EXTests.xctest */;
			productType = "com.apple.product-type.bundle.unit-test";
		};
		0E5C370E1CCF36630074C4C6 /* V2EXUITests */ = {
			isa = PBXNativeTarget;
			buildConfigurationList = 0E5C371E1CCF36630074C4C6 /* Build configuration list for PBXNativeTarget "V2EXUITests" */;
			buildPhases = (
				0E5C370B1CCF36630074C4C6 /* Sources */,
				0E5C370C1CCF36630074C4C6 /* Frameworks */,
				0E5C370D1CCF36630074C4C6 /* Resources */,
			);
			buildRules = (
			);
			dependencies = (
				0E5C37111CCF36630074C4C6 /* PBXTargetDependency */,
			);
			name = V2EXUITests;
			productName = V2EXUITests;
			productReference = 0E5C370F1CCF36630074C4C6 /* V2EXUITests.xctest */;
			productType = "com.apple.product-type.bundle.ui-testing";
		};
/* End PBXNativeTarget section */

/* Begin PBXProject section */
		0E5C36E51CCF36620074C4C6 /* Project object */ = {
			isa = PBXProject;
			attributes = {
				LastSwiftUpdateCheck = 0730;
				LastUpgradeCheck = 0730;
				ORGANIZATIONNAME = LLZ;
				TargetAttributes = {
					0E5C36EC1CCF36620074C4C6 = {
						CreatedOnToolsVersion = 7.3;
					};
					0E5C37031CCF36620074C4C6 = {
						CreatedOnToolsVersion = 7.3;
						TestTargetID = 0E5C36EC1CCF36620074C4C6;
					};
					0E5C370E1CCF36630074C4C6 = {
						CreatedOnToolsVersion = 7.3;
						TestTargetID = 0E5C36EC1CCF36620074C4C6;
					};
				};
			};
			buildConfigurationList = 0E5C36E81CCF36620074C4C6 /* Build configuration list for PBXProject "V2EX" */;
			compatibilityVersion = "Xcode 3.2";
			developmentRegion = English;
			hasScannedForEncodings = 0;
			knownRegions = (
				en,
				Base,
			);
			mainGroup = 0E5C36E41CCF36620074C4C6;
			productRefGroup = 0E5C36EE1CCF36620074C4C6 /* Products */;
			projectDirPath = "";
			projectRoot = "";
			targets = (
				0E5C36EC1CCF36620074C4C6 /* V2EX */,
				0E5C37031CCF36620074C4C6 /* V2EXTests */,
				0E5C370E1CCF36630074C4C6 /* V2EXUITests */,
			);
		};
/* End PBXProject section */

/* Begin PBXResourcesBuildPhase section */
		0E5C36EB1CCF36620074C4C6 /* Resources */ = {
			isa = PBXResourcesBuildPhase;
			buildActionMask = 2147483647;
			files = (
				0E5C36FE1CCF36620074C4C6 /* LaunchScreen.storyboard in Resources */,
				0E5C37261CCF460A0074C4C6 /* RLTopicCell.xib in Resources */,
				0E5C36FB1CCF36620074C4C6 /* Assets.xcassets in Resources */,
				0E5C36F61CCF36620074C4C6 /* Main.storyboard in Resources */,
			);
			runOnlyForDeploymentPostprocessing = 0;
		};
		0E5C37021CCF36620074C4C6 /* Resources */ = {
			isa = PBXResourcesBuildPhase;
			buildActionMask = 2147483647;
			files = (
			);
			runOnlyForDeploymentPostprocessing = 0;
		};
		0E5C370D1CCF36630074C4C6 /* Resources */ = {
			isa = PBXResourcesBuildPhase;
			buildActionMask = 2147483647;
			files = (
			);
			runOnlyForDeploymentPostprocessing = 0;
		};
/* End PBXResourcesBuildPhase section */

/* Begin PBXShellScriptBuildPhase section */
		83EF506825070E6823C98D8D /* Embed Pods Frameworks */ = {
			isa = PBXShellScriptBuildPhase;
			buildActionMask = 2147483647;
			files = (
			);
			inputPaths = (
			);
			name = "Embed Pods Frameworks";
			outputPaths = (
			);
			runOnlyForDeploymentPostprocessing = 0;
			shellPath = /bin/sh;
			shellScript = "\"${SRCROOT}/Pods/Target Support Files/Pods/Pods-frameworks.sh\"\n";
			showEnvVarsInLog = 0;
		};
		87F9A92649767B98A8E68320 /* Check Pods Manifest.lock */ = {
			isa = PBXShellScriptBuildPhase;
			buildActionMask = 2147483647;
			files = (
			);
			inputPaths = (
			);
			name = "Check Pods Manifest.lock";
			outputPaths = (
			);
			runOnlyForDeploymentPostprocessing = 0;
			shellPath = /bin/sh;
			shellScript = "diff \"${PODS_ROOT}/../Podfile.lock\" \"${PODS_ROOT}/Manifest.lock\" > /dev/null\nif [[ $? != 0 ]] ; then\n    cat << EOM\nerror: The sandbox is not in sync with the Podfile.lock. Run 'pod install' or update your CocoaPods installation.\nEOM\n    exit 1\nfi\n";
			showEnvVarsInLog = 0;
		};
		9E4AD2FF0C84EAD87AF003F2 /* Copy Pods Resources */ = {
			isa = PBXShellScriptBuildPhase;
			buildActionMask = 2147483647;
			files = (
			);
			inputPaths = (
			);
			name = "Copy Pods Resources";
			outputPaths = (
			);
			runOnlyForDeploymentPostprocessing = 0;
			shellPath = /bin/sh;
			shellScript = "\"${SRCROOT}/Pods/Target Support Files/Pods/Pods-resources.sh\"\n";
			showEnvVarsInLog = 0;
		};
/* End PBXShellScriptBuildPhase section */

/* Begin PBXSourcesBuildPhase section */
		0E5C36E91CCF36620074C4C6 /* Sources */ = {
			isa = PBXSourcesBuildPhase;
			buildActionMask = 2147483647;
			files = (
				0E5C37251CCF460A0074C4C6 /* RLTopicCell.swift in Sources */,
				0EAB4B0B1CE06D7600AF202A /* RLNodeBubbles.swift in Sources */,
				0E5C372C1CCF4E730074C4C6 /* RLTopicList+TableView.swift in Sources */,
				0E51697F1CD210810078B45E /* UIView+Extension.swift in Sources */,
				0E0FB6111CDB19C400A73C21 /* Topic.swift in Sources */,
				0E57D0BD1CD84B47002C3DE6 /* V2EX.xcdatamodeld in Sources */,
				0E1C61501CD32CAF0049E41C /* RLTopicContent.swift in Sources */,
				0E51698C1CD21D930078B45E /* RLTopicsHelper.swift in Sources */,
				0E51697E1CD210810078B45E /* NSString+Extension.swift in Sources */,
				0E0FB6151CDB19C400A73C21 /* Node.swift in Sources */,
				F80EEDD61CDF126500EFC4B8 /* RLTopicsHelper+Router.swift in Sources */,
				0E0FB6141CDB19C400A73C21 /* Node+CoreDataProperties.swift in Sources */,
				0EAB4B091CE06CCD00AF202A /* RLNodeBtn.swift in Sources */,
				0E0FB6121CDB19C400A73C21 /* Member+CoreDataProperties.swift in Sources */,
				0EAB4B081CE06CCD00AF202A /* RLBubblesView.swift in Sources */,
				0E0FB6101CDB19C400A73C21 /* Topic+CoreDataProperties.swift in Sources */,
				0E9CC65F1CD993D5008436C1 /* RLDataManager.swift in Sources */,
				0E05E4791CD0BF3C00317543 /* RLDefine.swift in Sources */,
				0E5169811CD21D750078B45E /* RLNetWorkManager.swift in Sources */,
				0E5C372A1CCF4C770074C4C6 /* RLTopicList.swift in Sources */,
				0E51698B1CD21D930078B45E /* RLTopicReply.swift in Sources */,
				0E0FB6131CDB19C400A73C21 /* Member.swift in Sources */,
				0E5C36F11CCF36620074C4C6 /* AppDelegate.swift in Sources */,
			);
			runOnlyForDeploymentPostprocessing = 0;
		};
		0E5C37001CCF36620074C4C6 /* Sources */ = {
			isa = PBXSourcesBuildPhase;
			buildActionMask = 2147483647;
			files = (
				0E5C37091CCF36630074C4C6 /* V2EXTests.swift in Sources */,
			);
			runOnlyForDeploymentPostprocessing = 0;
		};
		0E5C370B1CCF36630074C4C6 /* Sources */ = {
			isa = PBXSourcesBuildPhase;
			buildActionMask = 2147483647;
			files = (
				0E5C37141CCF36630074C4C6 /* V2EXUITests.swift in Sources */,
			);
			runOnlyForDeploymentPostprocessing = 0;
		};
/* End PBXSourcesBuildPhase section */

/* Begin PBXTargetDependency section */
		0E5C37061CCF36620074C4C6 /* PBXTargetDependency */ = {
			isa = PBXTargetDependency;
			target = 0E5C36EC1CCF36620074C4C6 /* V2EX */;
			targetProxy = 0E5C37051CCF36620074C4C6 /* PBXContainerItemProxy */;
		};
		0E5C37111CCF36630074C4C6 /* PBXTargetDependency */ = {
			isa = PBXTargetDependency;
			target = 0E5C36EC1CCF36620074C4C6 /* V2EX */;
			targetProxy = 0E5C37101CCF36630074C4C6 /* PBXContainerItemProxy */;
		};
/* End PBXTargetDependency section */

/* Begin PBXVariantGroup section */
		0E5C36F41CCF36620074C4C6 /* Main.storyboard */ = {
			isa = PBXVariantGroup;
			children = (
				0E5C36F51CCF36620074C4C6 /* Base */,
			);
			name = Main.storyboard;
			sourceTree = "<group>";
		};
		0E5C36FC1CCF36620074C4C6 /* LaunchScreen.storyboard */ = {
			isa = PBXVariantGroup;
			children = (
				0E5C36FD1CCF36620074C4C6 /* Base */,
			);
			name = LaunchScreen.storyboard;
			sourceTree = "<group>";
		};
/* End PBXVariantGroup section */

/* Begin XCBuildConfiguration section */
		0E5C37161CCF36630074C4C6 /* Debug */ = {
			isa = XCBuildConfiguration;
			buildSettings = {
				ALWAYS_SEARCH_USER_PATHS = NO;
				CLANG_ANALYZER_NONNULL = YES;
				CLANG_CXX_LANGUAGE_STANDARD = "gnu++0x";
				CLANG_CXX_LIBRARY = "libc++";
				CLANG_ENABLE_MODULES = YES;
				CLANG_ENABLE_OBJC_ARC = YES;
				CLANG_WARN_BOOL_CONVERSION = YES;
				CLANG_WARN_CONSTANT_CONVERSION = YES;
				CLANG_WARN_DIRECT_OBJC_ISA_USAGE = YES_ERROR;
				CLANG_WARN_EMPTY_BODY = YES;
				CLANG_WARN_ENUM_CONVERSION = YES;
				CLANG_WARN_INT_CONVERSION = YES;
				CLANG_WARN_OBJC_ROOT_CLASS = YES_ERROR;
				CLANG_WARN_UNREACHABLE_CODE = YES;
				CLANG_WARN__DUPLICATE_METHOD_MATCH = YES;
				"CODE_SIGN_IDENTITY[sdk=iphoneos*]" = "iPhone Developer";
				COPY_PHASE_STRIP = NO;
				DEBUG_INFORMATION_FORMAT = dwarf;
				ENABLE_STRICT_OBJC_MSGSEND = YES;
				ENABLE_TESTABILITY = YES;
				GCC_C_LANGUAGE_STANDARD = gnu99;
				GCC_DYNAMIC_NO_PIC = NO;
				GCC_NO_COMMON_BLOCKS = YES;
				GCC_OPTIMIZATION_LEVEL = 0;
				GCC_PREPROCESSOR_DEFINITIONS = (
					"DEBUG=1",
					"$(inherited)",
				);
				GCC_WARN_64_TO_32_BIT_CONVERSION = YES;
				GCC_WARN_ABOUT_RETURN_TYPE = YES_ERROR;
				GCC_WARN_UNDECLARED_SELECTOR = YES;
				GCC_WARN_UNINITIALIZED_AUTOS = YES_AGGRESSIVE;
				GCC_WARN_UNUSED_FUNCTION = YES;
				GCC_WARN_UNUSED_VARIABLE = YES;
				IPHONEOS_DEPLOYMENT_TARGET = 8.0;
				MTL_ENABLE_DEBUG_INFO = YES;
				ONLY_ACTIVE_ARCH = YES;
				SDKROOT = iphoneos;
				SWIFT_OBJC_BRIDGING_HEADER = "V2EX/V2EX-Bridging-Header.h";
				SWIFT_OPTIMIZATION_LEVEL = "-Onone";
				TARGETED_DEVICE_FAMILY = "1,2";
				USER_HEADER_SEARCH_PATHS = "Pods/**";
			};
			name = Debug;
		};
		0E5C37171CCF36630074C4C6 /* Release */ = {
			isa = XCBuildConfiguration;
			buildSettings = {
				ALWAYS_SEARCH_USER_PATHS = NO;
				CLANG_ANALYZER_NONNULL = YES;
				CLANG_CXX_LANGUAGE_STANDARD = "gnu++0x";
				CLANG_CXX_LIBRARY = "libc++";
				CLANG_ENABLE_MODULES = YES;
				CLANG_ENABLE_OBJC_ARC = YES;
				CLANG_WARN_BOOL_CONVERSION = YES;
				CLANG_WARN_CONSTANT_CONVERSION = YES;
				CLANG_WARN_DIRECT_OBJC_ISA_USAGE = YES_ERROR;
				CLANG_WARN_EMPTY_BODY = YES;
				CLANG_WARN_ENUM_CONVERSION = YES;
				CLANG_WARN_INT_CONVERSION = YES;
				CLANG_WARN_OBJC_ROOT_CLASS = YES_ERROR;
				CLANG_WARN_UNREACHABLE_CODE = YES;
				CLANG_WARN__DUPLICATE_METHOD_MATCH = YES;
				"CODE_SIGN_IDENTITY[sdk=iphoneos*]" = "iPhone Developer";
				COPY_PHASE_STRIP = NO;
				DEBUG_INFORMATION_FORMAT = "dwarf-with-dsym";
				ENABLE_NS_ASSERTIONS = NO;
				ENABLE_STRICT_OBJC_MSGSEND = YES;
				GCC_C_LANGUAGE_STANDARD = gnu99;
				GCC_NO_COMMON_BLOCKS = YES;
				GCC_WARN_64_TO_32_BIT_CONVERSION = YES;
				GCC_WARN_ABOUT_RETURN_TYPE = YES_ERROR;
				GCC_WARN_UNDECLARED_SELECTOR = YES;
				GCC_WARN_UNINITIALIZED_AUTOS = YES_AGGRESSIVE;
				GCC_WARN_UNUSED_FUNCTION = YES;
				GCC_WARN_UNUSED_VARIABLE = YES;
				IPHONEOS_DEPLOYMENT_TARGET = 8.0;
				MTL_ENABLE_DEBUG_INFO = NO;
				SDKROOT = iphoneos;
				SWIFT_OBJC_BRIDGING_HEADER = "V2EX/V2EX-Bridging-Header.h";
				TARGETED_DEVICE_FAMILY = "1,2";
				USER_HEADER_SEARCH_PATHS = "Pods/**";
				VALIDATE_PRODUCT = YES;
			};
			name = Release;
		};
		0E5C37191CCF36630074C4C6 /* Debug */ = {
			isa = XCBuildConfiguration;
			baseConfigurationReference = A405F14323F80C9EE606B0AE /* Pods.debug.xcconfig */;
			buildSettings = {
				ASSETCATALOG_COMPILER_APPICON_NAME = AppIcon;
				INFOPLIST_FILE = V2EX/Info.plist;
				LD_RUNPATH_SEARCH_PATHS = "$(inherited) @executable_path/Frameworks";
				PRODUCT_BUNDLE_IDENTIFIER = com.rylynn.V2EX;
				PRODUCT_NAME = "$(TARGET_NAME)";
				SWIFT_OBJC_BRIDGING_HEADER = "V2EX/V2EX-Bridging-Header.h";
			};
			name = Debug;
		};
		0E5C371A1CCF36630074C4C6 /* Release */ = {
			isa = XCBuildConfiguration;
			baseConfigurationReference = 13B806131562B0B0CC420728 /* Pods.release.xcconfig */;
			buildSettings = {
				ASSETCATALOG_COMPILER_APPICON_NAME = AppIcon;
				INFOPLIST_FILE = V2EX/Info.plist;
				LD_RUNPATH_SEARCH_PATHS = "$(inherited) @executable_path/Frameworks";
				PRODUCT_BUNDLE_IDENTIFIER = com.rylynn.V2EX;
				PRODUCT_NAME = "$(TARGET_NAME)";
				SWIFT_OBJC_BRIDGING_HEADER = "V2EX/V2EX-Bridging-Header.h";
			};
			name = Release;
		};
		0E5C371C1CCF36630074C4C6 /* Debug */ = {
			isa = XCBuildConfiguration;
			buildSettings = {
				BUNDLE_LOADER = "$(TEST_HOST)";
				INFOPLIST_FILE = V2EXTests/Info.plist;
				LD_RUNPATH_SEARCH_PATHS = "$(inherited) @executable_path/Frameworks @loader_path/Frameworks";
				PRODUCT_BUNDLE_IDENTIFIER = com.rylynn.V2EXTests;
				PRODUCT_NAME = "$(TARGET_NAME)";
				TEST_HOST = "$(BUILT_PRODUCTS_DIR)/V2EX.app/V2EX";
			};
			name = Debug;
		};
		0E5C371D1CCF36630074C4C6 /* Release */ = {
			isa = XCBuildConfiguration;
			buildSettings = {
				BUNDLE_LOADER = "$(TEST_HOST)";
				INFOPLIST_FILE = V2EXTests/Info.plist;
				LD_RUNPATH_SEARCH_PATHS = "$(inherited) @executable_path/Frameworks @loader_path/Frameworks";
				PRODUCT_BUNDLE_IDENTIFIER = com.rylynn.V2EXTests;
				PRODUCT_NAME = "$(TARGET_NAME)";
				TEST_HOST = "$(BUILT_PRODUCTS_DIR)/V2EX.app/V2EX";
			};
			name = Release;
		};
		0E5C371F1CCF36630074C4C6 /* Debug */ = {
			isa = XCBuildConfiguration;
			buildSettings = {
				INFOPLIST_FILE = V2EXUITests/Info.plist;
				LD_RUNPATH_SEARCH_PATHS = "$(inherited) @executable_path/Frameworks @loader_path/Frameworks";
				PRODUCT_BUNDLE_IDENTIFIER = com.rylynn.V2EXUITests;
				PRODUCT_NAME = "$(TARGET_NAME)";
				TEST_TARGET_NAME = V2EX;
			};
			name = Debug;
		};
		0E5C37201CCF36630074C4C6 /* Release */ = {
			isa = XCBuildConfiguration;
			buildSettings = {
				INFOPLIST_FILE = V2EXUITests/Info.plist;
				LD_RUNPATH_SEARCH_PATHS = "$(inherited) @executable_path/Frameworks @loader_path/Frameworks";
				PRODUCT_BUNDLE_IDENTIFIER = com.rylynn.V2EXUITests;
				PRODUCT_NAME = "$(TARGET_NAME)";
				TEST_TARGET_NAME = V2EX;
			};
			name = Release;
		};
/* End XCBuildConfiguration section */

/* Begin XCConfigurationList section */
		0E5C36E81CCF36620074C4C6 /* Build configuration list for PBXProject "V2EX" */ = {
			isa = XCConfigurationList;
			buildConfigurations = (
				0E5C37161CCF36630074C4C6 /* Debug */,
				0E5C37171CCF36630074C4C6 /* Release */,
			);
			defaultConfigurationIsVisible = 0;
			defaultConfigurationName = Release;
		};
		0E5C37181CCF36630074C4C6 /* Build configuration list for PBXNativeTarget "V2EX" */ = {
			isa = XCConfigurationList;
			buildConfigurations = (
				0E5C37191CCF36630074C4C6 /* Debug */,
				0E5C371A1CCF36630074C4C6 /* Release */,
			);
			defaultConfigurationIsVisible = 0;
			defaultConfigurationName = Release;
		};
		0E5C371B1CCF36630074C4C6 /* Build configuration list for PBXNativeTarget "V2EXTests" */ = {
			isa = XCConfigurationList;
			buildConfigurations = (
				0E5C371C1CCF36630074C4C6 /* Debug */,
				0E5C371D1CCF36630074C4C6 /* Release */,
			);
			defaultConfigurationIsVisible = 0;
			defaultConfigurationName = Release;
		};
		0E5C371E1CCF36630074C4C6 /* Build configuration list for PBXNativeTarget "V2EXUITests" */ = {
			isa = XCConfigurationList;
			buildConfigurations = (
				0E5C371F1CCF36630074C4C6 /* Debug */,
				0E5C37201CCF36630074C4C6 /* Release */,
			);
			defaultConfigurationIsVisible = 0;
			defaultConfigurationName = Release;
		};
/* End XCConfigurationList section */

/* Begin XCVersionGroup section */
		0E57D0BB1CD84B47002C3DE6 /* V2EX.xcdatamodeld */ = {
			isa = XCVersionGroup;
			children = (
				0E57D0C81CD84C4A002C3DE6 /* V2EX 2.xcdatamodel */,
				0E57D0BC1CD84B47002C3DE6 /* V2EX.xcdatamodel */,
			);
			currentVersion = 0E57D0C81CD84C4A002C3DE6 /* V2EX 2.xcdatamodel */;
			path = V2EX.xcdatamodeld;
			sourceTree = "<group>";
			versionGroupType = wrapper.xcdatamodel;
		};
/* End XCVersionGroup section */
	};
	rootObject = 0E5C36E51CCF36620074C4C6 /* Project object */;
}
